// !$*UTF8*$!
{
	archiveVersion = 1;
	classes = {
	};
	objectVersion = 50;
	objects = {

/* Begin PBXBuildFile section */
		A467FF67219A8486001D458E /* AppDelegate.swift in Sources */ = {isa = PBXBuildFile; fileRef = A467FF66219A8486001D458E /* AppDelegate.swift */; };
		A467FF69219A8486001D458E /* ViewController.swift in Sources */ = {isa = PBXBuildFile; fileRef = A467FF68219A8486001D458E /* ViewController.swift */; };
		A467FF6C219A8486001D458E /* Main.storyboard in Resources */ = {isa = PBXBuildFile; fileRef = A467FF6A219A8486001D458E /* Main.storyboard */; };
		A467FF6F219A8486001D458E /* DataServer1113.xcdatamodeld in Sources */ = {isa = PBXBuildFile; fileRef = A467FF6D219A8486001D458E /* DataServer1113.xcdatamodeld */; };
		A467FF71219A848E001D458E /* Assets.xcassets in Resources */ = {isa = PBXBuildFile; fileRef = A467FF70219A848E001D458E /* Assets.xcassets */; };
		A467FF74219A848E001D458E /* LaunchScreen.storyboard in Resources */ = {isa = PBXBuildFile; fileRef = A467FF72219A848E001D458E /* LaunchScreen.storyboard */; };
		A467FF7C219A99BF001D458E /* InputViewController.swift in Sources */ = {isa = PBXBuildFile; fileRef = A467FF7B219A99BF001D458E /* InputViewController.swift */; };
		A467FF84219AAD1D001D458E /* AppDelegate.swift in Sources */ = {isa = PBXBuildFile; fileRef = A467FF83219AAD1D001D458E /* AppDelegate.swift */; };
		A467FF86219AAD1D001D458E /* ViewController.swift in Sources */ = {isa = PBXBuildFile; fileRef = A467FF85219AAD1D001D458E /* ViewController.swift */; };
		A467FF89219AAD1D001D458E /* Main.storyboard in Resources */ = {isa = PBXBuildFile; fileRef = A467FF87219AAD1D001D458E /* Main.storyboard */; };
		A467FF8C219AAD1D001D458E /* FileSave.xcdatamodeld in Sources */ = {isa = PBXBuildFile; fileRef = A467FF8A219AAD1D001D458E /* FileSave.xcdatamodeld */; };
		A467FF8E219AAD27001D458E /* Assets.xcassets in Resources */ = {isa = PBXBuildFile; fileRef = A467FF8D219AAD27001D458E /* Assets.xcassets */; };
		A467FF91219AAD27001D458E /* LaunchScreen.storyboard in Resources */ = {isa = PBXBuildFile; fileRef = A467FF8F219AAD27001D458E /* LaunchScreen.storyboard */; };
/* End PBXBuildFile section */

/* Begin PBXFileReference section */
		A467FF63219A8486001D458E /* DataServer1113.app */ = {isa = PBXFileReference; explicitFileType = wrapper.application; includeInIndex = 0; path = DataServer1113.app; sourceTree = BUILT_PRODUCTS_DIR; };
		A467FF66219A8486001D458E /* AppDelegate.swift */ = {isa = PBXFileReference; lastKnownFileType = sourcecode.swift; path = AppDelegate.swift; sourceTree = "<group>"; };
		A467FF68219A8486001D458E /* ViewController.swift */ = {isa = PBXFileReference; lastKnownFileType = sourcecode.swift; path = ViewController.swift; sourceTree = "<group>"; };
		A467FF6B219A8486001D458E /* Base */ = {isa = PBXFileReference; lastKnownFileType = file.storyboard; name = Base; path = Base.lproj/Main.storyboard; sourceTree = "<group>"; };
		A467FF6E219A8486001D458E /* DataServer1113.xcdatamodel */ = {isa = PBXFileReference; lastKnownFileType = wrapper.xcdatamodel; path = DataServer1113.xcdatamodel; sourceTree = "<group>"; };
		A467FF70219A848E001D458E /* Assets.xcassets */ = {isa = PBXFileReference; lastKnownFileType = folder.assetcatalog; path = Assets.xcassets; sourceTree = "<group>"; };
		A467FF73219A848E001D458E /* Base */ = {isa = PBXFileReference; lastKnownFileType = file.storyboard; name = Base; path = Base.lproj/LaunchScreen.storyboard; sourceTree = "<group>"; };
		A467FF75219A848E001D458E /* Info.plist */ = {isa = PBXFileReference; lastKnownFileType = text.plist.xml; path = Info.plist; sourceTree = "<group>"; };
		A467FF7B219A99BF001D458E /* InputViewController.swift */ = {isa = PBXFileReference; lastKnownFileType = sourcecode.swift; path = InputViewController.swift; sourceTree = "<group>"; };
		A467FF81219AAD1D001D458E /* FileSave.app */ = {isa = PBXFileReference; explicitFileType = wrapper.application; includeInIndex = 0; path = FileSave.app; sourceTree = BUILT_PRODUCTS_DIR; };
		A467FF83219AAD1D001D458E /* AppDelegate.swift */ = {isa = PBXFileReference; lastKnownFileType = sourcecode.swift; path = AppDelegate.swift; sourceTree = "<group>"; };
		A467FF85219AAD1D001D458E /* ViewController.swift */ = {isa = PBXFileReference; lastKnownFileType = sourcecode.swift; path = ViewController.swift; sourceTree = "<group>"; };
		A467FF88219AAD1D001D458E /* Base */ = {isa = PBXFileReference; lastKnownFileType = file.storyboard; name = Base; path = Base.lproj/Main.storyboard; sourceTree = "<group>"; };
		A467FF8B219AAD1D001D458E /* FileSave.xcdatamodel */ = {isa = PBXFileReference; lastKnownFileType = wrapper.xcdatamodel; path = FileSave.xcdatamodel; sourceTree = "<group>"; };
		A467FF8D219AAD27001D458E /* Assets.xcassets */ = {isa = PBXFileReference; lastKnownFileType = folder.assetcatalog; path = Assets.xcassets; sourceTree = "<group>"; };
		A467FF90219AAD27001D458E /* Base */ = {isa = PBXFileReference; lastKnownFileType = file.storyboard; name = Base; path = Base.lproj/LaunchScreen.storyboard; sourceTree = "<group>"; };
		A467FF92219AAD27001D458E /* Info.plist */ = {isa = PBXFileReference; lastKnownFileType = text.plist.xml; path = Info.plist; sourceTree = "<group>"; };
/* End PBXFileReference section */

/* Begin PBXFrameworksBuildPhase section */
		A467FF60219A8486001D458E /* Frameworks */ = {
			isa = PBXFrameworksBuildPhase;
			buildActionMask = 2147483647;
			files = (
			);
			runOnlyForDeploymentPostprocessing = 0;
		};
		A467FF7E219AAD1D001D458E /* Frameworks */ = {
			isa = PBXFrameworksBuildPhase;
			buildActionMask = 2147483647;
			files = (
			);
			runOnlyForDeploymentPostprocessing = 0;
		};
/* End PBXFrameworksBuildPhase section */

/* Begin PBXGroup section */
		A467FF5A219A8486001D458E = {
			isa = PBXGroup;
			children = (
				A467FF65219A8486001D458E /* DataServer1113 */,
				A467FF82219AAD1D001D458E /* FileSave */,
				A467FF64219A8486001D458E /* Products */,
			);
			sourceTree = "<group>";
		};
		A467FF64219A8486001D458E /* Products */ = {
			isa = PBXGroup;
			children = (
				A467FF63219A8486001D458E /* DataServer1113.app */,
				A467FF81219AAD1D001D458E /* FileSave.app */,
			);
			name = Products;
			sourceTree = "<group>";
		};
		A467FF65219A8486001D458E /* DataServer1113 */ = {
			isa = PBXGroup;
			children = (
				A467FF66219A8486001D458E /* AppDelegate.swift */,
				A467FF68219A8486001D458E /* ViewController.swift */,
				A467FF7B219A99BF001D458E /* InputViewController.swift */,
				A467FF6A219A8486001D458E /* Main.storyboard */,
				A467FF70219A848E001D458E /* Assets.xcassets */,
				A467FF72219A848E001D458E /* LaunchScreen.storyboard */,
				A467FF75219A848E001D458E /* Info.plist */,
				A467FF6D219A8486001D458E /* DataServer1113.xcdatamodeld */,
			);
			path = DataServer1113;
			sourceTree = "<group>";
		};
		A467FF82219AAD1D001D458E /* FileSave */ = {
			isa = PBXGroup;
			children = (
				A467FF83219AAD1D001D458E /* AppDelegate.swift */,
				A467FF85219AAD1D001D458E /* ViewController.swift */,
				A467FF87219AAD1D001D458E /* Main.storyboard */,
				A467FF8D219AAD27001D458E /* Assets.xcassets */,
				A467FF8F219AAD27001D458E /* LaunchScreen.storyboard */,
				A467FF92219AAD27001D458E /* Info.plist */,
				A467FF8A219AAD1D001D458E /* FileSave.xcdatamodeld */,
			);
			path = FileSave;
			sourceTree = "<group>";
		};
/* End PBXGroup section */

/* Begin PBXNativeTarget section */
		A467FF62219A8486001D458E /* DataServer1113 */ = {
			isa = PBXNativeTarget;
			buildConfigurationList = A467FF78219A848E001D458E /* Build configuration list for PBXNativeTarget "DataServer1113" */;
			buildPhases = (
				A467FF5F219A8486001D458E /* Sources */,
				A467FF60219A8486001D458E /* Frameworks */,
				A467FF61219A8486001D458E /* Resources */,
			);
			buildRules = (
			);
			dependencies = (
			);
			name = DataServer1113;
			productName = DataServer1113;
			productReference = A467FF63219A8486001D458E /* DataServer1113.app */;
			productType = "com.apple.product-type.application";
		};
		A467FF80219AAD1D001D458E /* FileSave */ = {
			isa = PBXNativeTarget;
			buildConfigurationList = A467FF93219AAD27001D458E /* Build configuration list for PBXNativeTarget "FileSave" */;
			buildPhases = (
				A467FF7D219AAD1D001D458E /* Sources */,
				A467FF7E219AAD1D001D458E /* Frameworks */,
				A467FF7F219AAD1D001D458E /* Resources */,
			);
			buildRules = (
			);
			dependencies = (
			);
			name = FileSave;
			productName = FileSave;
			productReference = A467FF81219AAD1D001D458E /* FileSave.app */;
			productType = "com.apple.product-type.application";
		};
/* End PBXNativeTarget section */

/* Begin PBXProject section */
		A467FF5B219A8486001D458E /* Project object */ = {
			isa = PBXProject;
			attributes = {
				LastSwiftUpdateCheck = 0940;
				LastUpgradeCheck = 0940;
				ORGANIZATIONNAME = the;
				TargetAttributes = {
					A467FF62219A8486001D458E = {
						CreatedOnToolsVersion = 9.4;
					};
					A467FF80219AAD1D001D458E = {
						CreatedOnToolsVersion = 9.4;
					};
				};
			};
			buildConfigurationList = A467FF5E219A8486001D458E /* Build configuration list for PBXProject "DataServer1113" */;
			compatibilityVersion = "Xcode 9.3";
			developmentRegion = en;
			hasScannedForEncodings = 0;
			knownRegions = (
				en,
				Base,
			);
			mainGroup = A467FF5A219A8486001D458E;
			productRefGroup = A467FF64219A8486001D458E /* Products */;
			projectDirPath = "";
			projectRoot = "";
			targets = (
				A467FF62219A8486001D458E /* DataServer1113 */,
				A467FF80219AAD1D001D458E /* FileSave */,
			);
		};
/* End PBXProject section */

/* Begin PBXResourcesBuildPhase section */
		A467FF61219A8486001D458E /* Resources */ = {
			isa = PBXResourcesBuildPhase;
			buildActionMask = 2147483647;
			files = (
				A467FF74219A848E001D458E /* LaunchScreen.storyboard in Resources */,
				A467FF71219A848E001D458E /* Assets.xcassets in Resources */,
				A467FF6C219A8486001D458E /* Main.storyboard in Resources */,
			);
			runOnlyForDeploymentPostprocessing = 0;
		};
		A467FF7F219AAD1D001D458E /* Resources */ = {
			isa = PBXResourcesBuildPhase;
			buildActionMask = 2147483647;
			files = (
				A467FF91219AAD27001D458E /* LaunchScreen.storyboard in Resources */,
				A467FF8E219AAD27001D458E /* Assets.xcassets in Resources */,
				A467FF89219AAD1D001D458E /* Main.storyboard in Resources */,
			);
			runOnlyForDeploymentPostprocessing = 0;
		};
/* End PBXResourcesBuildPhase section */

/* Begin PBXSourcesBuildPhase section */
		A467FF5F219A8486001D458E /* Sources */ = {
			isa = PBXSourcesBuildPhase;
			buildActionMask = 2147483647;
			files = (
				A467FF69219A8486001D458E /* ViewController.swift in Sources */,
				A467FF67219A8486001D458E /* AppDelegate.swift in Sources */,
				A467FF6F219A8486001D458E /* DataServer1113.xcdatamodeld in Sources */,
				A467FF7C219A99BF001D458E /* InputViewController.swift in Sources */,
			);
			runOnlyForDeploymentPostprocessing = 0;
		};
		A467FF7D219AAD1D001D458E /* Sources */ = {
			isa = PBXSourcesBuildPhase;
			buildActionMask = 2147483647;
			files = (
				A467FF86219AAD1D001D458E /* ViewController.swift in Sources */,
				A467FF8C219AAD1D001D458E /* FileSave.xcdatamodeld in Sources */,
				A467FF84219AAD1D001D458E /* AppDelegate.swift in Sources */,
			);
			runOnlyForDeploymentPostprocessing = 0;
		};
/* End PBXSourcesBuildPhase section */

/* Begin PBXVariantGroup section */
		A467FF6A219A8486001D458E /* Main.storyboard */ = {
			isa = PBXVariantGroup;
			children = (
				A467FF6B219A8486001D458E /* Base */,
			);
			name = Main.storyboard;
			sourceTree = "<group>";
		};
		A467FF72219A848E001D458E /* LaunchScreen.storyboard */ = {
			isa = PBXVariantGroup;
			children = (
				A467FF73219A848E001D458E /* Base */,
			);
			name = LaunchScreen.storyboard;
			sourceTree = "<group>";
		};
		A467FF87219AAD1D001D458E /* Main.storyboard */ = {
			isa = PBXVariantGroup;
			children = (
				A467FF88219AAD1D001D458E /* Base */,
			);
			name = Main.storyboard;
			sourceTree = "<group>";
		};
		A467FF8F219AAD27001D458E /* LaunchScreen.storyboard */ = {
			isa = PBXVariantGroup;
			children = (
				A467FF90219AAD27001D458E /* Base */,
			);
			name = LaunchScreen.storyboard;
			sourceTree = "<group>";
		};
/* End PBXVariantGroup section */

/* Begin XCBuildConfiguration section */
		A467FF76219A848E001D458E /* Debug */ = {
			isa = XCBuildConfiguration;
			buildSettings = {
				ALWAYS_SEARCH_USER_PATHS = NO;
				CLANG_ANALYZER_NONNULL = YES;
				CLANG_ANALYZER_NUMBER_OBJECT_CONVERSION = YES_AGGRESSIVE;
				CLANG_CXX_LANGUAGE_STANDARD = "gnu++14";
				CLANG_CXX_LIBRARY = "libc++";
				CLANG_ENABLE_MODULES = YES;
				CLANG_ENABLE_OBJC_ARC = YES;
				CLANG_ENABLE_OBJC_WEAK = YES;
				CLANG_WARN_BLOCK_CAPTURE_AUTORELEASING = YES;
				CLANG_WARN_BOOL_CONVERSION = YES;
				CLANG_WARN_COMMA = YES;
				CLANG_WARN_CONSTANT_CONVERSION = YES;
				CLANG_WARN_DEPRECATED_OBJC_IMPLEMENTATIONS = YES;
				CLANG_WARN_DIRECT_OBJC_ISA_USAGE = YES_ERROR;
				CLANG_WARN_DOCUMENTATION_COMMENTS = YES;
				CLANG_WARN_EMPTY_BODY = YES;
				CLANG_WARN_ENUM_CONVERSION = YES;
				CLANG_WARN_INFINITE_RECURSION = YES;
				CLANG_WARN_INT_CONVERSION = YES;
				CLANG_WARN_NON_LITERAL_NULL_CONVERSION = YES;
				CLANG_WARN_OBJC_IMPLICIT_RETAIN_SELF = YES;
				CLANG_WARN_OBJC_LITERAL_CONVERSION = YES;
				CLANG_WARN_OBJC_ROOT_CLASS = YES_ERROR;
				CLANG_WARN_RANGE_LOOP_ANALYSIS = YES;
				CLANG_WARN_STRICT_PROTOTYPES = YES;
				CLANG_WARN_SUSPICIOUS_MOVE = YES;
				CLANG_WARN_UNGUARDED_AVAILABILITY = YES_AGGRESSIVE;
				CLANG_WARN_UNREACHABLE_CODE = YES;
				CLANG_WARN__DUPLICATE_METHOD_MATCH = YES;
				CODE_SIGN_IDENTITY = "iPhone Developer";
				COPY_PHASE_STRIP = NO;
				DEBUG_INFORMATION_FORMAT = dwarf;
				ENABLE_STRICT_OBJC_MSGSEND = YES;
				ENABLE_TESTABILITY = YES;
				GCC_C_LANGUAGE_STANDARD = gnu11;
				GCC_DYNAMIC_NO_PIC = NO;
				GCC_NO_COMMON_BLOCKS = YES;
				GCC_OPTIMIZATION_LEVEL = 0;
				GCC_PREPROCESSOR_DEFINITIONS = (
					"DEBUG=1",
					"$(inherited)",
				);
				GCC_WARN_64_TO_32_BIT_CONVERSION = YES;
				GCC_WARN_ABOUT_RETURN_TYPE = YES_ERROR;
				GCC_WARN_UNDECLARED_SELECTOR = YES;
				GCC_WARN_UNINITIALIZED_AUTOS = YES_AGGRESSIVE;
				GCC_WARN_UNUSED_FUNCTION = YES;
				GCC_WARN_UNUSED_VARIABLE = YES;
				IPHONEOS_DEPLOYMENT_TARGET = 11.4;
				MTL_ENABLE_DEBUG_INFO = YES;
				ONLY_ACTIVE_ARCH = YES;
				SDKROOT = iphoneos;
				SWIFT_ACTIVE_COMPILATION_CONDITIONS = DEBUG;
				SWIFT_OPTIMIZATION_LEVEL = "-Onone";
			};
			name = Debug;
		};
		A467FF77219A848E001D458E /* Release */ = {
			isa = XCBuildConfiguration;
			buildSettings = {
				ALWAYS_SEARCH_USER_PATHS = NO;
				CLANG_ANALYZER_NONNULL = YES;
				CLANG_ANALYZER_NUMBER_OBJECT_CONVERSION = YES_AGGRESSIVE;
				CLANG_CXX_LANGUAGE_STANDARD = "gnu++14";
				CLANG_CXX_LIBRARY = "libc++";
				CLANG_ENABLE_MODULES = YES;
				CLANG_ENABLE_OBJC_ARC = YES;
				CLANG_ENABLE_OBJC_WEAK = YES;
				CLANG_WARN_BLOCK_CAPTURE_AUTORELEASING = YES;
				CLANG_WARN_BOOL_CONVERSION = YES;
				CLANG_WARN_COMMA = YES;
				CLANG_WARN_CONSTANT_CONVERSION = YES;
				CLANG_WARN_DEPRECATED_OBJC_IMPLEMENTATIONS = YES;
				CLANG_WARN_DIRECT_OBJC_ISA_USAGE = YES_ERROR;
				CLANG_WARN_DOCUMENTATION_COMMENTS = YES;
				CLANG_WARN_EMPTY_BODY = YES;
				CLANG_WARN_ENUM_CONVERSION = YES;
				CLANG_WARN_INFINITE_RECURSION = YES;
				CLANG_WARN_INT_CONVERSION = YES;
				CLANG_WARN_NON_LITERAL_NULL_CONVERSION = YES;
				CLANG_WARN_OBJC_IMPLICIT_RETAIN_SELF = YES;
				CLANG_WARN_OBJC_LITERAL_CONVERSION = YES;
				CLANG_WARN_OBJC_ROOT_CLASS = YES_ERROR;
				CLANG_WARN_RANGE_LOOP_ANALYSIS = YES;
				CLANG_WARN_STRICT_PROTOTYPES = YES;
				CLANG_WARN_SUSPICIOUS_MOVE = YES;
				CLANG_WARN_UNGUARDED_AVAILABILITY = YES_AGGRESSIVE;
				CLANG_WARN_UNREACHABLE_CODE = YES;
				CLANG_WARN__DUPLICATE_METHOD_MATCH = YES;
				CODE_SIGN_IDENTITY = "iPhone Developer";
				COPY_PHASE_STRIP = NO;
				DEBUG_INFORMATION_FORMAT = "dwarf-with-dsym";
				ENABLE_NS_ASSERTIONS = NO;
				ENABLE_STRICT_OBJC_MSGSEND = YES;
				GCC_C_LANGUAGE_STANDARD = gnu11;
				GCC_NO_COMMON_BLOCKS = YES;
				GCC_WARN_64_TO_32_BIT_CONVERSION = YES;
				GCC_WARN_ABOUT_RETURN_TYPE = YES_ERROR;
				GCC_WARN_UNDECLARED_SELECTOR = YES;
				GCC_WARN_UNINITIALIZED_AUTOS = YES_AGGRESSIVE;
				GCC_WARN_UNUSED_FUNCTION = YES;
				GCC_WARN_UNUSED_VARIABLE = YES;
				IPHONEOS_DEPLOYMENT_TARGET = 11.4;
				MTL_ENABLE_DEBUG_INFO = NO;
				SDKROOT = iphoneos;
				SWIFT_COMPILATION_MODE = wholemodule;
				SWIFT_OPTIMIZATION_LEVEL = "-O";
				VALIDATE_PRODUCT = YES;
			};
			name = Release;
		};
		A467FF79219A848E001D458E /* Debug */ = {
			isa = XCBuildConfiguration;
			buildSettings = {
				ASSETCATALOG_COMPILER_APPICON_NAME = AppIcon;
				CODE_SIGN_STYLE = Automatic;
				INFOPLIST_FILE = DataServer1113/Info.plist;
				LD_RUNPATH_SEARCH_PATHS = (
					"$(inherited)",
					"@executable_path/Frameworks",
				);
				PRODUCT_BUNDLE_IDENTIFIER = gmail.pilot.lyb.DataServer1113;
				PRODUCT_NAME = "$(TARGET_NAME)";
				SWIFT_VERSION = 4.0;
				TARGETED_DEVICE_FAMILY = "1,2";
			};
			name = Debug;
		};
		A467FF7A219A848E001D458E /* Release */ = {
			isa = XCBuildConfiguration;
			buildSettings = {
				ASSETCATALOG_COMPILER_APPICON_NAME = AppIcon;
				CODE_SIGN_STYLE = Automatic;
				INFOPLIST_FILE = DataServer1113/Info.plist;
				LD_RUNPATH_SEARCH_PATHS = (
					"$(inherited)",
					"@executable_path/Frameworks",
				);
				PRODUCT_BUNDLE_IDENTIFIER = gmail.pilot.lyb.DataServer1113;
				PRODUCT_NAME = "$(TARGET_NAME)";
				SWIFT_VERSION = 4.0;
				TARGETED_DEVICE_FAMILY = "1,2";
			};
			name = Release;
		};
		A467FF94219AAD27001D458E /* Debug */ = {
			isa = XCBuildConfiguration;
			buildSettings = {
				ASSETCATALOG_COMPILER_APPICON_NAME = AppIcon;
				CODE_SIGN_STYLE = Automatic;
				INFOPLIST_FILE = FileSave/Info.plist;
				LD_RUNPATH_SEARCH_PATHS = (
					"$(inherited)",
					"@executable_path/Frameworks",
				);
				PRODUCT_BUNDLE_IDENTIFIER = gmail.pilot.lyb.FileSave;
				PRODUCT_NAME = "$(TARGET_NAME)";
				SWIFT_VERSION = 4.0;
				TARGETED_DEVICE_FAMILY = "1,2";
			};
			name = Debug;
		};
		A467FF95219AAD27001D458E /* Release */ = {
			isa = XCBuildConfiguration;
			buildSettings = {
				ASSETCATALOG_COMPILER_APPICON_NAME = AppIcon;
				CODE_SIGN_STYLE = Automatic;
				INFOPLIST_FILE = FileSave/Info.plist;
				LD_RUNPATH_SEARCH_PATHS = (
					"$(inherited)",
					"@executable_path/Frameworks",
				);
				PRODUCT_BUNDLE_IDENTIFIER = gmail.pilot.lyb.FileSave;
				PRODUCT_NAME = "$(TARGET_NAME)";
				SWIFT_VERSION = 4.0;
				TARGETED_DEVICE_FAMILY = "1,2";
			};
			name = Release;
		};
/* End XCBuildConfiguration section */

/* Begin XCConfigurationList section */
		A467FF5E219A8486001D458E /* Build configuration list for PBXProject "DataServer1113" */ = {
			isa = XCConfigurationList;
			buildConfigurations = (
				A467FF76219A848E001D458E /* Debug */,
				A467FF77219A848E001D458E /* Release */,
			);
			defaultConfigurationIsVisible = 0;
			defaultConfigurationName = Release;
		};
		A467FF78219A848E001D458E /* Build configuration list for PBXNativeTarget "DataServer1113" */ = {
			isa = XCConfigurationList;
			buildConfigurations = (
				A467FF79219A848E001D458E /* Debug */,
				A467FF7A219A848E001D458E /* Release */,
			);
			defaultConfigurationIsVisible = 0;
			defaultConfigurationName = Release;
		};
		A467FF93219AAD27001D458E /* Build configuration list for PBXNativeTarget "FileSave" */ = {
			isa = XCConfigurationList;
			buildConfigurations = (
				A467FF94219AAD27001D458E /* Debug */,
				A467FF95219AAD27001D458E /* Release */,
			);
			defaultConfigurationIsVisible = 0;
			defaultConfigurationName = Release;
		};
/* End XCConfigurationList section */

/* Begin XCVersionGroup section */
		A467FF6D219A8486001D458E /* DataServer1113.xcdatamodeld */ = {
			isa = XCVersionGroup;
			children = (
				A467FF6E219A8486001D458E /* DataServer1113.xcdatamodel */,
			);
			currentVersion = A467FF6E219A8486001D458E /* DataServer1113.xcdatamodel */;
			path = DataServer1113.xcdatamodeld;
			sourceTree = "<group>";
			versionGroupType = wrapper.xcdatamodel;
		};
		A467FF8A219AAD1D001D458E /* FileSave.xcdatamodeld */ = {
			isa = XCVersionGroup;
			children = (
				A467FF8B219AAD1D001D458E /* FileSave.xcdatamodel */,
			);
			currentVersion = A467FF8B219AAD1D001D458E /* FileSave.xcdatamodel */;
			path = FileSave.xcdatamodeld;
			sourceTree = "<group>";
			versionGroupType = wrapper.xcdatamodel;
		};
/* End XCVersionGroup section */
	};
	rootObject = A467FF5B219A8486001D458E /* Project object */;
}
